// !$*UTF8*$!
{
	archiveVersion = 1;
	classes = {
	};
	objectVersion = 51;
	objects = {

/* Begin PBXBuildFile section */
		799494ECC3992937D0C8BD7D /* Pods_pokemon_db.framework in Frameworks */ = {isa = PBXBuildFile; fileRef = AEF1EB40730B69B7D053274F /* Pods_pokemon_db.framework */; };
		8400207F26862D78009BA66B /* MainPresenter.swift in Sources */ = {isa = PBXBuildFile; fileRef = 8400207E26862D78009BA66B /* MainPresenter.swift */; };
		8400208226862E3B009BA66B /* NewsService.swift in Sources */ = {isa = PBXBuildFile; fileRef = 8400208126862E3B009BA66B /* NewsService.swift */; };
		840020852686344E009BA66B /* ErrorView.xib in Resources */ = {isa = PBXBuildFile; fileRef = 840020842686344E009BA66B /* ErrorView.xib */; };
		840020872686389E009BA66B /* ErrorView.swift in Sources */ = {isa = PBXBuildFile; fileRef = 840020862686389E009BA66B /* ErrorView.swift */; };
		8400208926863BCB009BA66B /* Extension+UIStackView.swift in Sources */ = {isa = PBXBuildFile; fileRef = 8400208826863BCB009BA66B /* Extension+UIStackView.swift */; };
		8400208C26863E94009BA66B /* NewsDetailsViewController.swift in Sources */ = {isa = PBXBuildFile; fileRef = 8400208B26863E94009BA66B /* NewsDetailsViewController.swift */; };
		8400208E26863E9D009BA66B /* NewsDetails.storyboard in Resources */ = {isa = PBXBuildFile; fileRef = 8400208D26863E9D009BA66B /* NewsDetails.storyboard */; };
		840020922686406A009BA66B /* AppStoryboard.swift in Sources */ = {isa = PBXBuildFile; fileRef = 840020912686406A009BA66B /* AppStoryboard.swift */; };
		840020952686B14C009BA66B /* WebView.storyboard in Resources */ = {isa = PBXBuildFile; fileRef = 840020942686B14C009BA66B /* WebView.storyboard */; };
		840020972686B1AC009BA66B /* WebViewController.swift in Sources */ = {isa = PBXBuildFile; fileRef = 840020962686B1AC009BA66B /* WebViewController.swift */; };
		8406EA18268A78CF008FB79E /* PokemonDetails.storyboard in Resources */ = {isa = PBXBuildFile; fileRef = 8406EA17268A78CF008FB79E /* PokemonDetails.storyboard */; };
		8406EA1A268A78E1008FB79E /* PokemonDetailsViewController.swift in Sources */ = {isa = PBXBuildFile; fileRef = 8406EA19268A78E1008FB79E /* PokemonDetailsViewController.swift */; };
		8429914E2691170B000A93BC /* PokemonItemHorizontal.xib in Resources */ = {isa = PBXBuildFile; fileRef = 8429914D2691170B000A93BC /* PokemonItemHorizontal.xib */; };
		8429915226911737000A93BC /* PokemonItemHorizontal.swift in Sources */ = {isa = PBXBuildFile; fileRef = 8429915126911737000A93BC /* PokemonItemHorizontal.swift */; };
		8429915426911961000A93BC /* PokemonItemHorizontalPresenter.swift in Sources */ = {isa = PBXBuildFile; fileRef = 8429915326911961000A93BC /* PokemonItemHorizontalPresenter.swift */; };
		845A89C4268920F70014E3B4 /* Pokedex.storyboard in Resources */ = {isa = PBXBuildFile; fileRef = 845A89C3268920F70014E3B4 /* Pokedex.storyboard */; };
		845A89C6268921090014E3B4 /* PokedexViewController.swift in Sources */ = {isa = PBXBuildFile; fileRef = 845A89C5268921090014E3B4 /* PokedexViewController.swift */; };
		8465934F2691665800AD8C3F /* Extension+UIImage-GIF.swift in Sources */ = {isa = PBXBuildFile; fileRef = 8465934E2691665800AD8C3F /* Extension+UIImage-GIF.swift */; };
		846593522691668800AD8C3F /* AnimatedSprite.xib in Resources */ = {isa = PBXBuildFile; fileRef = 846593512691668800AD8C3F /* AnimatedSprite.xib */; };
		846593542691676000AD8C3F /* AnimatedSprite.swift in Sources */ = {isa = PBXBuildFile; fileRef = 846593532691676000AD8C3F /* AnimatedSprite.swift */; };
		846B6B75268A1E8D00C9D1E5 /* PokemonItemCell.swift in Sources */ = {isa = PBXBuildFile; fileRef = 846B6B73268A1E8D00C9D1E5 /* PokemonItemCell.swift */; };
		846B6B76268A1E8D00C9D1E5 /* PokemonItemCell.xib in Resources */ = {isa = PBXBuildFile; fileRef = 846B6B74268A1E8D00C9D1E5 /* PokemonItemCell.xib */; };
		846B6B78268A2C1900C9D1E5 /* Podfile in Resources */ = {isa = PBXBuildFile; fileRef = 846B6B77268A2C1900C9D1E5 /* Podfile */; };
		846B6B7A268A2D9000C9D1E5 /* Extension+UIImage.swift in Sources */ = {isa = PBXBuildFile; fileRef = 846B6B79268A2D9000C9D1E5 /* Extension+UIImage.swift */; };
		8470E9412684E11F00C039E6 /* AppDelegate.swift in Sources */ = {isa = PBXBuildFile; fileRef = 8470E9402684E11F00C039E6 /* AppDelegate.swift */; };
		8470E9432684E11F00C039E6 /* SceneDelegate.swift in Sources */ = {isa = PBXBuildFile; fileRef = 8470E9422684E11F00C039E6 /* SceneDelegate.swift */; };
		8470E94A2684E12000C039E6 /* Assets.xcassets in Resources */ = {isa = PBXBuildFile; fileRef = 8470E9492684E12000C039E6 /* Assets.xcassets */; };
		8470E94D2684E12000C039E6 /* LaunchScreen.storyboard in Resources */ = {isa = PBXBuildFile; fileRef = 8470E94B2684E12000C039E6 /* LaunchScreen.storyboard */; };
		8470E95C2684E20700C039E6 /* MainViewController.swift in Sources */ = {isa = PBXBuildFile; fileRef = 8470E95A2684E20700C039E6 /* MainViewController.swift */; };
		8470E95D2684E20700C039E6 /* Main.storyboard in Resources */ = {isa = PBXBuildFile; fileRef = 8470E95B2684E20700C039E6 /* Main.storyboard */; };
		8470E96D2684E6CF00C039E6 /* Extension+UIColor.swift in Sources */ = {isa = PBXBuildFile; fileRef = 8470E96B2684E27400C039E6 /* Extension+UIColor.swift */; };
		8470E96E2684E77500C039E6 /* HomescreenButton.swift in Sources */ = {isa = PBXBuildFile; fileRef = 8470E9662684E25600C039E6 /* HomescreenButton.swift */; };
		8470E96F2684E7FE00C039E6 /* HomescreenButton.xib in Resources */ = {isa = PBXBuildFile; fileRef = 8470E9652684E25600C039E6 /* HomescreenButton.xib */; };
		8470E9722684EA5C00C039E6 /* NetworkRequests.swift in Sources */ = {isa = PBXBuildFile; fileRef = 8470E9712684EA5C00C039E6 /* NetworkRequests.swift */; };
		8470E9762684FA1700C039E6 /* Constants.swift in Sources */ = {isa = PBXBuildFile; fileRef = 8470E9752684FA1700C039E6 /* Constants.swift */; };
		8470E9792684FD5400C039E6 /* NewsModel.swift in Sources */ = {isa = PBXBuildFile; fileRef = 8470E9782684FD5400C039E6 /* NewsModel.swift */; };
		8470E97C2685236500C039E6 /* News.xib in Resources */ = {isa = PBXBuildFile; fileRef = 8470E97B2685236500C039E6 /* News.xib */; };
		8470E97E2685246000C039E6 /* News.swift in Sources */ = {isa = PBXBuildFile; fileRef = 8470E97D2685246000C039E6 /* News.swift */; };
		8470E9802685278200C039E6 /* Extension+UIView.swift in Sources */ = {isa = PBXBuildFile; fileRef = 8470E97F2685278200C039E6 /* Extension+UIView.swift */; };
		8470E9822685296900C039E6 /* Extension+UIImageView.swift in Sources */ = {isa = PBXBuildFile; fileRef = 8470E9812685296900C039E6 /* Extension+UIImageView.swift */; };
		8470E98426852F4800C039E6 /* Extension+Date.swift in Sources */ = {isa = PBXBuildFile; fileRef = 8470E98326852F4800C039E6 /* Extension+Date.swift */; };
		849A913A26895AE8004C1BE4 /* PokemonModel.swift in Sources */ = {isa = PBXBuildFile; fileRef = 849A913926895AE8004C1BE4 /* PokemonModel.swift */; };
		849A913C26895C8B004C1BE4 /* PokemonService.swift in Sources */ = {isa = PBXBuildFile; fileRef = 849A913B26895C8B004C1BE4 /* PokemonService.swift */; };
		849A913E2689607E004C1BE4 /* PokedexPresenter.swift in Sources */ = {isa = PBXBuildFile; fileRef = 849A913D2689607E004C1BE4 /* PokedexPresenter.swift */; };
		84B009952692B50900AE57FE /* AlertBanner.xib in Resources */ = {isa = PBXBuildFile; fileRef = 84B009942692B50900AE57FE /* AlertBanner.xib */; };
		84B009972692B51700AE57FE /* AlertBanner.swift in Sources */ = {isa = PBXBuildFile; fileRef = 84B009962692B51700AE57FE /* AlertBanner.swift */; };
		84C6DE56268E264600E21439 /* EvolutionChain.xib in Resources */ = {isa = PBXBuildFile; fileRef = 84C6DE55268E264600E21439 /* EvolutionChain.xib */; };
		84C6DE59268E276200E21439 /* PokemonItem.xib in Resources */ = {isa = PBXBuildFile; fileRef = 84C6DE58268E276200E21439 /* PokemonItem.xib */; };
		84C6DE5B268E282500E21439 /* PokemonItem.swift in Sources */ = {isa = PBXBuildFile; fileRef = 84C6DE5A268E282500E21439 /* PokemonItem.swift */; };
		84C6DE5D268E2A4600E21439 /* EvolutionChain.swift in Sources */ = {isa = PBXBuildFile; fileRef = 84C6DE5C268E2A4600E21439 /* EvolutionChain.swift */; };
		84C6DE60268E361B00E21439 /* PokemonItemPresenter.swift in Sources */ = {isa = PBXBuildFile; fileRef = 84C6DE5F268E361B00E21439 /* PokemonItemPresenter.swift */; };
		84C6DE67268E59CB00E21439 /* Abilities.storyboard in Resources */ = {isa = PBXBuildFile; fileRef = 84C6DE66268E59CB00E21439 /* Abilities.storyboard */; };
		84C6DE69268E59D500E21439 /* AbilitiesViewController.swift in Sources */ = {isa = PBXBuildFile; fileRef = 84C6DE68268E59D500E21439 /* AbilitiesViewController.swift */; };
		84C6DE6B268E59E100E21439 /* AbilitiesPresenter.swift in Sources */ = {isa = PBXBuildFile; fileRef = 84C6DE6A268E59E100E21439 /* AbilitiesPresenter.swift */; };
		84C6DE6D268E7A0E00E21439 /* Extension+String.swift in Sources */ = {isa = PBXBuildFile; fileRef = 84C6DE6C268E7A0E00E21439 /* Extension+String.swift */; };
		84F0B69C268D295C0011AFD0 /* SpeciesView.xib in Resources */ = {isa = PBXBuildFile; fileRef = 84F0B69B268D295C0011AFD0 /* SpeciesView.xib */; };
		84F0B69E268D2A380011AFD0 /* SpeciesView.swift in Sources */ = {isa = PBXBuildFile; fileRef = 84F0B69D268D2A380011AFD0 /* SpeciesView.swift */; };
		84F0B6A1268D3C4D0011AFD0 /* AbilitiesView.xib in Resources */ = {isa = PBXBuildFile; fileRef = 84F0B6A0268D3C4D0011AFD0 /* AbilitiesView.xib */; };
		84F0B6A3268D3C580011AFD0 /* AbilitiesView.swift in Sources */ = {isa = PBXBuildFile; fileRef = 84F0B6A2268D3C580011AFD0 /* AbilitiesView.swift */; };
		84F0B6A6268D3D420011AFD0 /* AbilitieItem.xib in Resources */ = {isa = PBXBuildFile; fileRef = 84F0B6A5268D3D420011AFD0 /* AbilitieItem.xib */; };
		84F0B6A8268D3D540011AFD0 /* AbilitieItem.swift in Sources */ = {isa = PBXBuildFile; fileRef = 84F0B6A7268D3D540011AFD0 /* AbilitieItem.swift */; };
		84F0B6AB268D51630011AFD0 /* StatsView.xib in Resources */ = {isa = PBXBuildFile; fileRef = 84F0B6AA268D51630011AFD0 /* StatsView.xib */; };
		84F0B6AE268D526A0011AFD0 /* StatItemView.xib in Resources */ = {isa = PBXBuildFile; fileRef = 84F0B6AD268D526A0011AFD0 /* StatItemView.xib */; };
		84F0B6B0268D53400011AFD0 /* StatItemView.swift in Sources */ = {isa = PBXBuildFile; fileRef = 84F0B6AF268D53400011AFD0 /* StatItemView.swift */; };
		84F0B6B2268D538C0011AFD0 /* StatsView.swift in Sources */ = {isa = PBXBuildFile; fileRef = 84F0B6B1268D538C0011AFD0 /* StatsView.swift */; };
		84F0B6B4268D56DD0011AFD0 /* Extension+NSLayoutConstraint.swift in Sources */ = {isa = PBXBuildFile; fileRef = 84F0B6B3268D56DD0011AFD0 /* Extension+NSLayoutConstraint.swift */; };
		84F4007E268CE07300F34128 /* PaddingLabel.swift in Sources */ = {isa = PBXBuildFile; fileRef = 84F4007D268CE07300F34128 /* PaddingLabel.swift */; };
		84F40081268CE33300F34128 /* LoadingView.xib in Resources */ = {isa = PBXBuildFile; fileRef = 84F40080268CE33300F34128 /* LoadingView.xib */; };
		84F40083268CE3ED00F34128 /* LoadingView.swift in Sources */ = {isa = PBXBuildFile; fileRef = 84F40082268CE3ED00F34128 /* LoadingView.swift */; };
		84F40085268CE44600F34128 /* Extension+UIViewController.swift in Sources */ = {isa = PBXBuildFile; fileRef = 84F40084268CE44600F34128 /* Extension+UIViewController.swift */; };
		84F40087268CECE600F34128 /* PokemonDetailsPresenter.swift in Sources */ = {isa = PBXBuildFile; fileRef = 84F40086268CECE600F34128 /* PokemonDetailsPresenter.swift */; };
		84F4008A268D164F00F34128 /* TypePill.xib in Resources */ = {isa = PBXBuildFile; fileRef = 84F40089268D164F00F34128 /* TypePill.xib */; };
		84F4008C268D1D3600F34128 /* TypePill.swift in Sources */ = {isa = PBXBuildFile; fileRef = 84F4008B268D1D3600F34128 /* TypePill.swift */; };
/* End PBXBuildFile section */

/* Begin PBXFileReference section */
		03F690D499B2DC47D0C94FD0 /* Pods-pokemon-db.debug.xcconfig */ = {isa = PBXFileReference; includeInIndex = 1; lastKnownFileType = text.xcconfig; name = "Pods-pokemon-db.debug.xcconfig"; path = "Target Support Files/Pods-pokemon-db/Pods-pokemon-db.debug.xcconfig"; sourceTree = "<group>"; };
		8400207E26862D78009BA66B /* MainPresenter.swift */ = {isa = PBXFileReference; lastKnownFileType = sourcecode.swift; path = MainPresenter.swift; sourceTree = "<group>"; };
		8400208126862E3B009BA66B /* NewsService.swift */ = {isa = PBXFileReference; lastKnownFileType = sourcecode.swift; path = NewsService.swift; sourceTree = "<group>"; };
		840020842686344E009BA66B /* ErrorView.xib */ = {isa = PBXFileReference; lastKnownFileType = file.xib; path = ErrorView.xib; sourceTree = "<group>"; };
		840020862686389E009BA66B /* ErrorView.swift */ = {isa = PBXFileReference; lastKnownFileType = sourcecode.swift; path = ErrorView.swift; sourceTree = "<group>"; };
		8400208826863BCB009BA66B /* Extension+UIStackView.swift */ = {isa = PBXFileReference; lastKnownFileType = sourcecode.swift; path = "Extension+UIStackView.swift"; sourceTree = "<group>"; };
		8400208B26863E94009BA66B /* NewsDetailsViewController.swift */ = {isa = PBXFileReference; lastKnownFileType = sourcecode.swift; path = NewsDetailsViewController.swift; sourceTree = "<group>"; };
		8400208D26863E9D009BA66B /* NewsDetails.storyboard */ = {isa = PBXFileReference; lastKnownFileType = file.storyboard; path = NewsDetails.storyboard; sourceTree = "<group>"; };
		840020912686406A009BA66B /* AppStoryboard.swift */ = {isa = PBXFileReference; lastKnownFileType = sourcecode.swift; path = AppStoryboard.swift; sourceTree = "<group>"; };
		840020942686B14C009BA66B /* WebView.storyboard */ = {isa = PBXFileReference; lastKnownFileType = file.storyboard; path = WebView.storyboard; sourceTree = "<group>"; };
		840020962686B1AC009BA66B /* WebViewController.swift */ = {isa = PBXFileReference; lastKnownFileType = sourcecode.swift; path = WebViewController.swift; sourceTree = "<group>"; };
		8406EA17268A78CF008FB79E /* PokemonDetails.storyboard */ = {isa = PBXFileReference; lastKnownFileType = file.storyboard; path = PokemonDetails.storyboard; sourceTree = "<group>"; };
		8406EA19268A78E1008FB79E /* PokemonDetailsViewController.swift */ = {isa = PBXFileReference; lastKnownFileType = sourcecode.swift; path = PokemonDetailsViewController.swift; sourceTree = "<group>"; };
		8429914D2691170B000A93BC /* PokemonItemHorizontal.xib */ = {isa = PBXFileReference; lastKnownFileType = file.xib; path = PokemonItemHorizontal.xib; sourceTree = "<group>"; };
		8429915126911737000A93BC /* PokemonItemHorizontal.swift */ = {isa = PBXFileReference; lastKnownFileType = sourcecode.swift; path = PokemonItemHorizontal.swift; sourceTree = "<group>"; };
		8429915326911961000A93BC /* PokemonItemHorizontalPresenter.swift */ = {isa = PBXFileReference; lastKnownFileType = sourcecode.swift; path = PokemonItemHorizontalPresenter.swift; sourceTree = "<group>"; };
		845A89C3268920F70014E3B4 /* Pokedex.storyboard */ = {isa = PBXFileReference; lastKnownFileType = file.storyboard; path = Pokedex.storyboard; sourceTree = "<group>"; };
		845A89C5268921090014E3B4 /* PokedexViewController.swift */ = {isa = PBXFileReference; lastKnownFileType = sourcecode.swift; path = PokedexViewController.swift; sourceTree = "<group>"; };
		8465934E2691665800AD8C3F /* Extension+UIImage-GIF.swift */ = {isa = PBXFileReference; lastKnownFileType = sourcecode.swift; path = "Extension+UIImage-GIF.swift"; sourceTree = "<group>"; };
		846593512691668800AD8C3F /* AnimatedSprite.xib */ = {isa = PBXFileReference; lastKnownFileType = file.xib; path = AnimatedSprite.xib; sourceTree = "<group>"; };
		846593532691676000AD8C3F /* AnimatedSprite.swift */ = {isa = PBXFileReference; lastKnownFileType = sourcecode.swift; path = AnimatedSprite.swift; sourceTree = "<group>"; };
		846B6B73268A1E8D00C9D1E5 /* PokemonItemCell.swift */ = {isa = PBXFileReference; lastKnownFileType = sourcecode.swift; path = PokemonItemCell.swift; sourceTree = "<group>"; };
		846B6B74268A1E8D00C9D1E5 /* PokemonItemCell.xib */ = {isa = PBXFileReference; lastKnownFileType = file.xib; path = PokemonItemCell.xib; sourceTree = "<group>"; };
		846B6B77268A2C1900C9D1E5 /* Podfile */ = {isa = PBXFileReference; fileEncoding = 4; lastKnownFileType = text; path = Podfile; sourceTree = "<group>"; xcLanguageSpecificationIdentifier = xcode.lang.ruby; };
		846B6B79268A2D9000C9D1E5 /* Extension+UIImage.swift */ = {isa = PBXFileReference; lastKnownFileType = sourcecode.swift; path = "Extension+UIImage.swift"; sourceTree = "<group>"; };
		8470E93D2684E11F00C039E6 /* pokemon-db.app */ = {isa = PBXFileReference; explicitFileType = wrapper.application; includeInIndex = 0; path = "pokemon-db.app"; sourceTree = BUILT_PRODUCTS_DIR; };
		8470E9402684E11F00C039E6 /* AppDelegate.swift */ = {isa = PBXFileReference; lastKnownFileType = sourcecode.swift; path = AppDelegate.swift; sourceTree = "<group>"; };
		8470E9422684E11F00C039E6 /* SceneDelegate.swift */ = {isa = PBXFileReference; lastKnownFileType = sourcecode.swift; path = SceneDelegate.swift; sourceTree = "<group>"; };
		8470E9492684E12000C039E6 /* Assets.xcassets */ = {isa = PBXFileReference; lastKnownFileType = folder.assetcatalog; path = Assets.xcassets; sourceTree = "<group>"; };
		8470E94C2684E12000C039E6 /* Base */ = {isa = PBXFileReference; lastKnownFileType = file.storyboard; name = Base; path = Base.lproj/LaunchScreen.storyboard; sourceTree = "<group>"; };
		8470E94E2684E12000C039E6 /* Info.plist */ = {isa = PBXFileReference; lastKnownFileType = text.plist.xml; path = Info.plist; sourceTree = "<group>"; };
		8470E95A2684E20700C039E6 /* MainViewController.swift */ = {isa = PBXFileReference; fileEncoding = 4; lastKnownFileType = sourcecode.swift; path = MainViewController.swift; sourceTree = "<group>"; };
		8470E95B2684E20700C039E6 /* Main.storyboard */ = {isa = PBXFileReference; fileEncoding = 4; lastKnownFileType = file.storyboard; path = Main.storyboard; sourceTree = "<group>"; };
		8470E9652684E25600C039E6 /* HomescreenButton.xib */ = {isa = PBXFileReference; lastKnownFileType = file.xib; path = HomescreenButton.xib; sourceTree = "<group>"; };
		8470E9662684E25600C039E6 /* HomescreenButton.swift */ = {isa = PBXFileReference; lastKnownFileType = sourcecode.swift; path = HomescreenButton.swift; sourceTree = "<group>"; };
		8470E96B2684E27400C039E6 /* Extension+UIColor.swift */ = {isa = PBXFileReference; lastKnownFileType = sourcecode.swift; path = "Extension+UIColor.swift"; sourceTree = "<group>"; };
		8470E9712684EA5C00C039E6 /* NetworkRequests.swift */ = {isa = PBXFileReference; lastKnownFileType = sourcecode.swift; path = NetworkRequests.swift; sourceTree = "<group>"; };
		8470E9752684FA1700C039E6 /* Constants.swift */ = {isa = PBXFileReference; lastKnownFileType = sourcecode.swift; path = Constants.swift; sourceTree = "<group>"; };
		8470E9782684FD5400C039E6 /* NewsModel.swift */ = {isa = PBXFileReference; lastKnownFileType = sourcecode.swift; path = NewsModel.swift; sourceTree = "<group>"; };
		8470E97B2685236500C039E6 /* News.xib */ = {isa = PBXFileReference; lastKnownFileType = file.xib; path = News.xib; sourceTree = "<group>"; };
		8470E97D2685246000C039E6 /* News.swift */ = {isa = PBXFileReference; lastKnownFileType = sourcecode.swift; path = News.swift; sourceTree = "<group>"; };
		8470E97F2685278200C039E6 /* Extension+UIView.swift */ = {isa = PBXFileReference; lastKnownFileType = sourcecode.swift; path = "Extension+UIView.swift"; sourceTree = "<group>"; };
		8470E9812685296900C039E6 /* Extension+UIImageView.swift */ = {isa = PBXFileReference; lastKnownFileType = sourcecode.swift; path = "Extension+UIImageView.swift"; sourceTree = "<group>"; };
		8470E98326852F4800C039E6 /* Extension+Date.swift */ = {isa = PBXFileReference; lastKnownFileType = sourcecode.swift; path = "Extension+Date.swift"; sourceTree = "<group>"; };
		849A913926895AE8004C1BE4 /* PokemonModel.swift */ = {isa = PBXFileReference; lastKnownFileType = sourcecode.swift; path = PokemonModel.swift; sourceTree = "<group>"; };
		849A913B26895C8B004C1BE4 /* PokemonService.swift */ = {isa = PBXFileReference; lastKnownFileType = sourcecode.swift; path = PokemonService.swift; sourceTree = "<group>"; };
		849A913D2689607E004C1BE4 /* PokedexPresenter.swift */ = {isa = PBXFileReference; lastKnownFileType = sourcecode.swift; path = PokedexPresenter.swift; sourceTree = "<group>"; };
		84B009942692B50900AE57FE /* AlertBanner.xib */ = {isa = PBXFileReference; lastKnownFileType = file.xib; path = AlertBanner.xib; sourceTree = "<group>"; };
		84B009962692B51700AE57FE /* AlertBanner.swift */ = {isa = PBXFileReference; lastKnownFileType = sourcecode.swift; path = AlertBanner.swift; sourceTree = "<group>"; };
		84C6DE55268E264600E21439 /* EvolutionChain.xib */ = {isa = PBXFileReference; lastKnownFileType = file.xib; path = EvolutionChain.xib; sourceTree = "<group>"; };
		84C6DE58268E276200E21439 /* PokemonItem.xib */ = {isa = PBXFileReference; lastKnownFileType = file.xib; path = PokemonItem.xib; sourceTree = "<group>"; };
		84C6DE5A268E282500E21439 /* PokemonItem.swift */ = {isa = PBXFileReference; lastKnownFileType = sourcecode.swift; path = PokemonItem.swift; sourceTree = "<group>"; };
		84C6DE5C268E2A4600E21439 /* EvolutionChain.swift */ = {isa = PBXFileReference; lastKnownFileType = sourcecode.swift; path = EvolutionChain.swift; sourceTree = "<group>"; };
		84C6DE5F268E361B00E21439 /* PokemonItemPresenter.swift */ = {isa = PBXFileReference; lastKnownFileType = sourcecode.swift; path = PokemonItemPresenter.swift; sourceTree = "<group>"; };
		84C6DE66268E59CB00E21439 /* Abilities.storyboard */ = {isa = PBXFileReference; lastKnownFileType = file.storyboard; path = Abilities.storyboard; sourceTree = "<group>"; };
		84C6DE68268E59D500E21439 /* AbilitiesViewController.swift */ = {isa = PBXFileReference; lastKnownFileType = sourcecode.swift; path = AbilitiesViewController.swift; sourceTree = "<group>"; };
		84C6DE6A268E59E100E21439 /* AbilitiesPresenter.swift */ = {isa = PBXFileReference; lastKnownFileType = sourcecode.swift; path = AbilitiesPresenter.swift; sourceTree = "<group>"; };
		84C6DE6C268E7A0E00E21439 /* Extension+String.swift */ = {isa = PBXFileReference; lastKnownFileType = sourcecode.swift; path = "Extension+String.swift"; sourceTree = "<group>"; };
		84F0B69B268D295C0011AFD0 /* SpeciesView.xib */ = {isa = PBXFileReference; lastKnownFileType = file.xib; path = SpeciesView.xib; sourceTree = "<group>"; };
		84F0B69D268D2A380011AFD0 /* SpeciesView.swift */ = {isa = PBXFileReference; lastKnownFileType = sourcecode.swift; path = SpeciesView.swift; sourceTree = "<group>"; };
		84F0B6A0268D3C4D0011AFD0 /* AbilitiesView.xib */ = {isa = PBXFileReference; lastKnownFileType = file.xib; path = AbilitiesView.xib; sourceTree = "<group>"; };
		84F0B6A2268D3C580011AFD0 /* AbilitiesView.swift */ = {isa = PBXFileReference; lastKnownFileType = sourcecode.swift; path = AbilitiesView.swift; sourceTree = "<group>"; };
		84F0B6A5268D3D420011AFD0 /* AbilitieItem.xib */ = {isa = PBXFileReference; lastKnownFileType = file.xib; path = AbilitieItem.xib; sourceTree = "<group>"; };
		84F0B6A7268D3D540011AFD0 /* AbilitieItem.swift */ = {isa = PBXFileReference; lastKnownFileType = sourcecode.swift; path = AbilitieItem.swift; sourceTree = "<group>"; };
		84F0B6AA268D51630011AFD0 /* StatsView.xib */ = {isa = PBXFileReference; lastKnownFileType = file.xib; path = StatsView.xib; sourceTree = "<group>"; };
		84F0B6AD268D526A0011AFD0 /* StatItemView.xib */ = {isa = PBXFileReference; lastKnownFileType = file.xib; path = StatItemView.xib; sourceTree = "<group>"; };
		84F0B6AF268D53400011AFD0 /* StatItemView.swift */ = {isa = PBXFileReference; lastKnownFileType = sourcecode.swift; path = StatItemView.swift; sourceTree = "<group>"; };
		84F0B6B1268D538C0011AFD0 /* StatsView.swift */ = {isa = PBXFileReference; lastKnownFileType = sourcecode.swift; path = StatsView.swift; sourceTree = "<group>"; };
		84F0B6B3268D56DD0011AFD0 /* Extension+NSLayoutConstraint.swift */ = {isa = PBXFileReference; lastKnownFileType = sourcecode.swift; path = "Extension+NSLayoutConstraint.swift"; sourceTree = "<group>"; };
		84F4007D268CE07300F34128 /* PaddingLabel.swift */ = {isa = PBXFileReference; lastKnownFileType = sourcecode.swift; path = PaddingLabel.swift; sourceTree = "<group>"; };
		84F40080268CE33300F34128 /* LoadingView.xib */ = {isa = PBXFileReference; lastKnownFileType = file.xib; path = LoadingView.xib; sourceTree = "<group>"; };
		84F40082268CE3ED00F34128 /* LoadingView.swift */ = {isa = PBXFileReference; lastKnownFileType = sourcecode.swift; path = LoadingView.swift; sourceTree = "<group>"; };
		84F40084268CE44600F34128 /* Extension+UIViewController.swift */ = {isa = PBXFileReference; lastKnownFileType = sourcecode.swift; path = "Extension+UIViewController.swift"; sourceTree = "<group>"; };
		84F40086268CECE600F34128 /* PokemonDetailsPresenter.swift */ = {isa = PBXFileReference; lastKnownFileType = sourcecode.swift; path = PokemonDetailsPresenter.swift; sourceTree = "<group>"; };
		84F40089268D164F00F34128 /* TypePill.xib */ = {isa = PBXFileReference; lastKnownFileType = file.xib; path = TypePill.xib; sourceTree = "<group>"; };
		84F4008B268D1D3600F34128 /* TypePill.swift */ = {isa = PBXFileReference; lastKnownFileType = sourcecode.swift; path = TypePill.swift; sourceTree = "<group>"; };
		AEF1EB40730B69B7D053274F /* Pods_pokemon_db.framework */ = {isa = PBXFileReference; explicitFileType = wrapper.framework; includeInIndex = 0; path = Pods_pokemon_db.framework; sourceTree = BUILT_PRODUCTS_DIR; };
		EFF0E5D038037B5C48759A62 /* Pods-pokemon-db.release.xcconfig */ = {isa = PBXFileReference; includeInIndex = 1; lastKnownFileType = text.xcconfig; name = "Pods-pokemon-db.release.xcconfig"; path = "Target Support Files/Pods-pokemon-db/Pods-pokemon-db.release.xcconfig"; sourceTree = "<group>"; };
/* End PBXFileReference section */

/* Begin PBXFrameworksBuildPhase section */
		8470E93A2684E11F00C039E6 /* Frameworks */ = {
			isa = PBXFrameworksBuildPhase;
			buildActionMask = 2147483647;
			files = (
				799494ECC3992937D0C8BD7D /* Pods_pokemon_db.framework in Frameworks */,
			);
			runOnlyForDeploymentPostprocessing = 0;
		};
/* End PBXFrameworksBuildPhase section */

/* Begin PBXGroup section */
		8400208026862E2C009BA66B /* DataSource */ = {
			isa = PBXGroup;
			children = (
				8400208126862E3B009BA66B /* NewsService.swift */,
				849A913B26895C8B004C1BE4 /* PokemonService.swift */,
			);
			path = DataSource;
			sourceTree = "<group>";
		};
		8400208326863440009BA66B /* ErrorView */ = {
			isa = PBXGroup;
			children = (
				840020842686344E009BA66B /* ErrorView.xib */,
				840020862686389E009BA66B /* ErrorView.swift */,
			);
			path = ErrorView;
			sourceTree = "<group>";
		};
		8400208A26863E7E009BA66B /* NewsDetails */ = {
			isa = PBXGroup;
			children = (
				8400208B26863E94009BA66B /* NewsDetailsViewController.swift */,
				8400208D26863E9D009BA66B /* NewsDetails.storyboard */,
			);
			path = NewsDetails;
			sourceTree = "<group>";
		};
		840020932686B13F009BA66B /* WebView */ = {
			isa = PBXGroup;
			children = (
				840020942686B14C009BA66B /* WebView.storyboard */,
				840020962686B1AC009BA66B /* WebViewController.swift */,
			);
			path = WebView;
			sourceTree = "<group>";
		};
		8406EA16268A78BD008FB79E /* PokemonDetails */ = {
			isa = PBXGroup;
			children = (
				846593502691667300AD8C3F /* AnimatedSprite */,
				84C6DE54268E263400E21439 /* EvolutionChain */,
				84F0B6A9268D51560011AFD0 /* Stats */,
				84F0B69F268D3C370011AFD0 /* Abilities */,
				84F0B69A268D29500011AFD0 /* Species */,
				84F40088268D164000F34128 /* TypePill */,
				8406EA17268A78CF008FB79E /* PokemonDetails.storyboard */,
				8406EA19268A78E1008FB79E /* PokemonDetailsViewController.swift */,
				84F40086268CECE600F34128 /* PokemonDetailsPresenter.swift */,
			);
			path = PokemonDetails;
			sourceTree = "<group>";
		};
		8429914C269116F4000A93BC /* PokemonItemHorizontal */ = {
			isa = PBXGroup;
			children = (
				8429914D2691170B000A93BC /* PokemonItemHorizontal.xib */,
				8429915126911737000A93BC /* PokemonItemHorizontal.swift */,
				8429915326911961000A93BC /* PokemonItemHorizontalPresenter.swift */,
			);
			path = PokemonItemHorizontal;
			sourceTree = "<group>";
		};
		845A89C2268920ED0014E3B4 /* Pokedex */ = {
			isa = PBXGroup;
			children = (
				849A913F268961E9004C1BE4 /* PokemonItem */,
				845A89C3268920F70014E3B4 /* Pokedex.storyboard */,
				845A89C5268921090014E3B4 /* PokedexViewController.swift */,
				849A913D2689607E004C1BE4 /* PokedexPresenter.swift */,
			);
			path = Pokedex;
			sourceTree = "<group>";
		};
		846593502691667300AD8C3F /* AnimatedSprite */ = {
			isa = PBXGroup;
			children = (
				846593512691668800AD8C3F /* AnimatedSprite.xib */,
				846593532691676000AD8C3F /* AnimatedSprite.swift */,
			);
			path = AnimatedSprite;
			sourceTree = "<group>";
		};
		8470E9342684E11F00C039E6 = {
			isa = PBXGroup;
			children = (
				846B6B77268A2C1900C9D1E5 /* Podfile */,
				8470E93F2684E11F00C039E6 /* pokemon-db */,
				8470E93E2684E11F00C039E6 /* Products */,
				B11B5098B8E6E67F0A79B943 /* Pods */,
				B7FA96402501E86D41F4F5A6 /* Frameworks */,
			);
			sourceTree = "<group>";
		};
		8470E93E2684E11F00C039E6 /* Products */ = {
			isa = PBXGroup;
			children = (
				8470E93D2684E11F00C039E6 /* pokemon-db.app */,
			);
			name = Products;
			sourceTree = "<group>";
		};
		8470E93F2684E11F00C039E6 /* pokemon-db */ = {
			isa = PBXGroup;
			children = (
				8400208026862E2C009BA66B /* DataSource */,
				8470E9772684FD4B00C039E6 /* Models */,
				8470E9702684EA4D00C039E6 /* Common */,
				8470E96A2684E27400C039E6 /* Extensions */,
				8470E9672684E25F00C039E6 /* Components */,
				8470E95F2684E21900C039E6 /* Screens */,
				8470E9402684E11F00C039E6 /* AppDelegate.swift */,
				8470E9422684E11F00C039E6 /* SceneDelegate.swift */,
				8470E9492684E12000C039E6 /* Assets.xcassets */,
				8470E94B2684E12000C039E6 /* LaunchScreen.storyboard */,
				8470E94E2684E12000C039E6 /* Info.plist */,
			);
			path = "pokemon-db";
			sourceTree = "<group>";
		};
		8470E95E2684E21400C039E6 /* Main */ = {
			isa = PBXGroup;
			children = (
				8470E97A2685235A00C039E6 /* News */,
				8470E95B2684E20700C039E6 /* Main.storyboard */,
				8470E95A2684E20700C039E6 /* MainViewController.swift */,
				8400207E26862D78009BA66B /* MainPresenter.swift */,
			);
			path = Main;
			sourceTree = "<group>";
		};
		8470E95F2684E21900C039E6 /* Screens */ = {
			isa = PBXGroup;
			children = (
				84C6DE61268E599400E21439 /* Abilities */,
				8406EA16268A78BD008FB79E /* PokemonDetails */,
				845A89C2268920ED0014E3B4 /* Pokedex */,
				840020932686B13F009BA66B /* WebView */,
				8400208A26863E7E009BA66B /* NewsDetails */,
				8470E95E2684E21400C039E6 /* Main */,
			);
			path = Screens;
			sourceTree = "<group>";
		};
		8470E9642684E25600C039E6 /* HomescreenButton */ = {
			isa = PBXGroup;
			children = (
				8470E9662684E25600C039E6 /* HomescreenButton.swift */,
				8470E9652684E25600C039E6 /* HomescreenButton.xib */,
			);
			path = HomescreenButton;
			sourceTree = "<group>";
		};
		8470E9672684E25F00C039E6 /* Components */ = {
			isa = PBXGroup;
			children = (
				84B009932692B4FB00AE57FE /* AlertBanner */,
				84F4007F268CE32600F34128 /* LoadingView */,
				8400208326863440009BA66B /* ErrorView */,
				8470E9642684E25600C039E6 /* HomescreenButton */,
			);
			path = Components;
			sourceTree = "<group>";
		};
		8470E96A2684E27400C039E6 /* Extensions */ = {
			isa = PBXGroup;
			children = (
				8470E96B2684E27400C039E6 /* Extension+UIColor.swift */,
				8470E97F2685278200C039E6 /* Extension+UIView.swift */,
				8470E9812685296900C039E6 /* Extension+UIImageView.swift */,
				8470E98326852F4800C039E6 /* Extension+Date.swift */,
				8400208826863BCB009BA66B /* Extension+UIStackView.swift */,
				846B6B79268A2D9000C9D1E5 /* Extension+UIImage.swift */,
				84F40084268CE44600F34128 /* Extension+UIViewController.swift */,
				84F0B6B3268D56DD0011AFD0 /* Extension+NSLayoutConstraint.swift */,
				84C6DE6C268E7A0E00E21439 /* Extension+String.swift */,
				8465934E2691665800AD8C3F /* Extension+UIImage-GIF.swift */,
			);
			path = Extensions;
			sourceTree = "<group>";
		};
		8470E9702684EA4D00C039E6 /* Common */ = {
			isa = PBXGroup;
			children = (
				8470E9712684EA5C00C039E6 /* NetworkRequests.swift */,
				8470E9752684FA1700C039E6 /* Constants.swift */,
				840020912686406A009BA66B /* AppStoryboard.swift */,
				84F4007D268CE07300F34128 /* PaddingLabel.swift */,
			);
			path = Common;
			sourceTree = "<group>";
		};
		8470E9772684FD4B00C039E6 /* Models */ = {
			isa = PBXGroup;
			children = (
				8470E9782684FD5400C039E6 /* NewsModel.swift */,
				849A913926895AE8004C1BE4 /* PokemonModel.swift */,
			);
			path = Models;
			sourceTree = "<group>";
		};
		8470E97A2685235A00C039E6 /* News */ = {
			isa = PBXGroup;
			children = (
				8470E97B2685236500C039E6 /* News.xib */,
				8470E97D2685246000C039E6 /* News.swift */,
			);
			path = News;
			sourceTree = "<group>";
		};
		849A913F268961E9004C1BE4 /* PokemonItem */ = {
			isa = PBXGroup;
			children = (
				846B6B73268A1E8D00C9D1E5 /* PokemonItemCell.swift */,
				846B6B74268A1E8D00C9D1E5 /* PokemonItemCell.xib */,
			);
			path = PokemonItem;
			sourceTree = "<group>";
		};
		84B009932692B4FB00AE57FE /* AlertBanner */ = {
			isa = PBXGroup;
			children = (
				84B009942692B50900AE57FE /* AlertBanner.xib */,
				84B009962692B51700AE57FE /* AlertBanner.swift */,
			);
			path = AlertBanner;
			sourceTree = "<group>";
		};
		84C6DE54268E263400E21439 /* EvolutionChain */ = {
			isa = PBXGroup;
			children = (
				84C6DE57268E275200E21439 /* PokemonItem */,
				84C6DE55268E264600E21439 /* EvolutionChain.xib */,
				84C6DE5C268E2A4600E21439 /* EvolutionChain.swift */,
			);
			path = EvolutionChain;
			sourceTree = "<group>";
		};
		84C6DE57268E275200E21439 /* PokemonItem */ = {
			isa = PBXGroup;
			children = (
				84C6DE58268E276200E21439 /* PokemonItem.xib */,
				84C6DE5A268E282500E21439 /* PokemonItem.swift */,
				84C6DE5F268E361B00E21439 /* PokemonItemPresenter.swift */,
			);
			path = PokemonItem;
			sourceTree = "<group>";
		};
		84C6DE61268E599400E21439 /* Abilities */ = {
			isa = PBXGroup;
			children = (
				8429914C269116F4000A93BC /* PokemonItemHorizontal */,
				84C6DE66268E59CB00E21439 /* Abilities.storyboard */,
				84C6DE68268E59D500E21439 /* AbilitiesViewController.swift */,
				84C6DE6A268E59E100E21439 /* AbilitiesPresenter.swift */,
			);
			path = Abilities;
			sourceTree = "<group>";
		};
		84F0B69A268D29500011AFD0 /* Species */ = {
			isa = PBXGroup;
			children = (
				84F0B69B268D295C0011AFD0 /* SpeciesView.xib */,
				84F0B69D268D2A380011AFD0 /* SpeciesView.swift */,
			);
			path = Species;
			sourceTree = "<group>";
		};
		84F0B69F268D3C370011AFD0 /* Abilities */ = {
			isa = PBXGroup;
			children = (
				84F0B6A4268D3D350011AFD0 /* AbilitieItem */,
				84F0B6A0268D3C4D0011AFD0 /* AbilitiesView.xib */,
				84F0B6A2268D3C580011AFD0 /* AbilitiesView.swift */,
			);
			path = Abilities;
			sourceTree = "<group>";
		};
		84F0B6A4268D3D350011AFD0 /* AbilitieItem */ = {
			isa = PBXGroup;
			children = (
				84F0B6A5268D3D420011AFD0 /* AbilitieItem.xib */,
				84F0B6A7268D3D540011AFD0 /* AbilitieItem.swift */,
			);
			path = AbilitieItem;
			sourceTree = "<group>";
		};
		84F0B6A9268D51560011AFD0 /* Stats */ = {
			isa = PBXGroup;
			children = (
				84F0B6AC268D52510011AFD0 /* StatItem */,
				84F0B6AA268D51630011AFD0 /* StatsView.xib */,
				84F0B6B1268D538C0011AFD0 /* StatsView.swift */,
			);
			path = Stats;
			sourceTree = "<group>";
		};
		84F0B6AC268D52510011AFD0 /* StatItem */ = {
			isa = PBXGroup;
			children = (
				84F0B6AD268D526A0011AFD0 /* StatItemView.xib */,
				84F0B6AF268D53400011AFD0 /* StatItemView.swift */,
			);
			path = StatItem;
			sourceTree = "<group>";
		};
		84F4007F268CE32600F34128 /* LoadingView */ = {
			isa = PBXGroup;
			children = (
				84F40080268CE33300F34128 /* LoadingView.xib */,
				84F40082268CE3ED00F34128 /* LoadingView.swift */,
			);
			path = LoadingView;
			sourceTree = "<group>";
		};
		84F40088268D164000F34128 /* TypePill */ = {
			isa = PBXGroup;
			children = (
				84F40089268D164F00F34128 /* TypePill.xib */,
				84F4008B268D1D3600F34128 /* TypePill.swift */,
			);
			path = TypePill;
			sourceTree = "<group>";
		};
		B11B5098B8E6E67F0A79B943 /* Pods */ = {
			isa = PBXGroup;
			children = (
				03F690D499B2DC47D0C94FD0 /* Pods-pokemon-db.debug.xcconfig */,
				EFF0E5D038037B5C48759A62 /* Pods-pokemon-db.release.xcconfig */,
			);
			path = Pods;
			sourceTree = "<group>";
		};
		B7FA96402501E86D41F4F5A6 /* Frameworks */ = {
			isa = PBXGroup;
			children = (
				AEF1EB40730B69B7D053274F /* Pods_pokemon_db.framework */,
			);
			name = Frameworks;
			sourceTree = "<group>";
		};
/* End PBXGroup section */

/* Begin PBXNativeTarget section */
		8470E93C2684E11F00C039E6 /* pokemon-db */ = {
			isa = PBXNativeTarget;
			buildConfigurationList = 8470E9512684E12000C039E6 /* Build configuration list for PBXNativeTarget "pokemon-db" */;
			buildPhases = (
				997C8FDE13303C8BB3A76A0E /* [CP] Check Pods Manifest.lock */,
				8470E9392684E11F00C039E6 /* Sources */,
				8470E93A2684E11F00C039E6 /* Frameworks */,
				8470E93B2684E11F00C039E6 /* Resources */,
				7044408E751798F1F7BE6F6C /* [CP] Embed Pods Frameworks */,
			);
			buildRules = (
			);
			dependencies = (
			);
			name = "pokemon-db";
			productName = "pokemon-db";
			productReference = 8470E93D2684E11F00C039E6 /* pokemon-db.app */;
			productType = "com.apple.product-type.application";
		};
/* End PBXNativeTarget section */

/* Begin PBXProject section */
		8470E9352684E11F00C039E6 /* Project object */ = {
			isa = PBXProject;
			attributes = {
				LastSwiftUpdateCheck = 1250;
				LastUpgradeCheck = 1250;
				TargetAttributes = {
					8470E93C2684E11F00C039E6 = {
						CreatedOnToolsVersion = 12.5.1;
					};
				};
			};
			buildConfigurationList = 8470E9382684E11F00C039E6 /* Build configuration list for PBXProject "pokemon-db" */;
			compatibilityVersion = "Xcode 9.3";
			developmentRegion = en;
			hasScannedForEncodings = 0;
			knownRegions = (
				en,
				Base,
			);
			mainGroup = 8470E9342684E11F00C039E6;
			productRefGroup = 8470E93E2684E11F00C039E6 /* Products */;
			projectDirPath = "";
			projectRoot = "";
			targets = (
				8470E93C2684E11F00C039E6 /* pokemon-db */,
			);
		};
/* End PBXProject section */

/* Begin PBXResourcesBuildPhase section */
		8470E93B2684E11F00C039E6 /* Resources */ = {
			isa = PBXResourcesBuildPhase;
			buildActionMask = 2147483647;
			files = (
				8429914E2691170B000A93BC /* PokemonItemHorizontal.xib in Resources */,
				845A89C4268920F70014E3B4 /* Pokedex.storyboard in Resources */,
				84F0B69C268D295C0011AFD0 /* SpeciesView.xib in Resources */,
				8470E94D2684E12000C039E6 /* LaunchScreen.storyboard in Resources */,
				84F0B6A1268D3C4D0011AFD0 /* AbilitiesView.xib in Resources */,
				846593522691668800AD8C3F /* AnimatedSprite.xib in Resources */,
				8470E97C2685236500C039E6 /* News.xib in Resources */,
				846B6B76268A1E8D00C9D1E5 /* PokemonItemCell.xib in Resources */,
				84C6DE59268E276200E21439 /* PokemonItem.xib in Resources */,
				840020952686B14C009BA66B /* WebView.storyboard in Resources */,
				8470E94A2684E12000C039E6 /* Assets.xcassets in Resources */,
				840020852686344E009BA66B /* ErrorView.xib in Resources */,
				8406EA18268A78CF008FB79E /* PokemonDetails.storyboard in Resources */,
				84F0B6AE268D526A0011AFD0 /* StatItemView.xib in Resources */,
				8470E96F2684E7FE00C039E6 /* HomescreenButton.xib in Resources */,
				8400208E26863E9D009BA66B /* NewsDetails.storyboard in Resources */,
				84F0B6A6268D3D420011AFD0 /* AbilitieItem.xib in Resources */,
				84F40081268CE33300F34128 /* LoadingView.xib in Resources */,
				84F0B6AB268D51630011AFD0 /* StatsView.xib in Resources */,
				8470E95D2684E20700C039E6 /* Main.storyboard in Resources */,
				84F4008A268D164F00F34128 /* TypePill.xib in Resources */,
				84B009952692B50900AE57FE /* AlertBanner.xib in Resources */,
				84C6DE67268E59CB00E21439 /* Abilities.storyboard in Resources */,
				846B6B78268A2C1900C9D1E5 /* Podfile in Resources */,
				84C6DE56268E264600E21439 /* EvolutionChain.xib in Resources */,
			);
			runOnlyForDeploymentPostprocessing = 0;
		};
/* End PBXResourcesBuildPhase section */

/* Begin PBXShellScriptBuildPhase section */
		7044408E751798F1F7BE6F6C /* [CP] Embed Pods Frameworks */ = {
			isa = PBXShellScriptBuildPhase;
			buildActionMask = 2147483647;
			files = (
			);
			inputFileListPaths = (
				"${PODS_ROOT}/Target Support Files/Pods-pokemon-db/Pods-pokemon-db-frameworks-${CONFIGURATION}-input-files.xcfilelist",
			);
			name = "[CP] Embed Pods Frameworks";
			outputFileListPaths = (
				"${PODS_ROOT}/Target Support Files/Pods-pokemon-db/Pods-pokemon-db-frameworks-${CONFIGURATION}-output-files.xcfilelist",
			);
			runOnlyForDeploymentPostprocessing = 0;
			shellPath = /bin/sh;
			shellScript = "\"${PODS_ROOT}/Target Support Files/Pods-pokemon-db/Pods-pokemon-db-frameworks.sh\"\n";
			showEnvVarsInLog = 0;
		};
		997C8FDE13303C8BB3A76A0E /* [CP] Check Pods Manifest.lock */ = {
			isa = PBXShellScriptBuildPhase;
			buildActionMask = 2147483647;
			files = (
			);
			inputFileListPaths = (
			);
			inputPaths = (
				"${PODS_PODFILE_DIR_PATH}/Podfile.lock",
				"${PODS_ROOT}/Manifest.lock",
			);
			name = "[CP] Check Pods Manifest.lock";
			outputFileListPaths = (
			);
			outputPaths = (
				"$(DERIVED_FILE_DIR)/Pods-pokemon-db-checkManifestLockResult.txt",
			);
			runOnlyForDeploymentPostprocessing = 0;
			shellPath = /bin/sh;
			shellScript = "diff \"${PODS_PODFILE_DIR_PATH}/Podfile.lock\" \"${PODS_ROOT}/Manifest.lock\" > /dev/null\nif [ $? != 0 ] ; then\n    # print error to STDERR\n    echo \"error: The sandbox is not in sync with the Podfile.lock. Run 'pod install' or update your CocoaPods installation.\" >&2\n    exit 1\nfi\n# This output is used by Xcode 'outputs' to avoid re-running this script phase.\necho \"SUCCESS\" > \"${SCRIPT_OUTPUT_FILE_0}\"\n";
			showEnvVarsInLog = 0;
		};
/* End PBXShellScriptBuildPhase section */

/* Begin PBXSourcesBuildPhase section */
		8470E9392684E11F00C039E6 /* Sources */ = {
			isa = PBXSourcesBuildPhase;
			buildActionMask = 2147483647;
			files = (
				840020972686B1AC009BA66B /* WebViewController.swift in Sources */,
				84F4008C268D1D3600F34128 /* TypePill.swift in Sources */,
				8470E9792684FD5400C039E6 /* NewsModel.swift in Sources */,
				846B6B75268A1E8D00C9D1E5 /* PokemonItemCell.swift in Sources */,
				8406EA1A268A78E1008FB79E /* PokemonDetailsViewController.swift in Sources */,
				84F0B6B4268D56DD0011AFD0 /* Extension+NSLayoutConstraint.swift in Sources */,
				8470E96E2684E77500C039E6 /* HomescreenButton.swift in Sources */,
				84C6DE69268E59D500E21439 /* AbilitiesViewController.swift in Sources */,
				84F40083268CE3ED00F34128 /* LoadingView.swift in Sources */,
				846593542691676000AD8C3F /* AnimatedSprite.swift in Sources */,
				8470E9802685278200C039E6 /* Extension+UIView.swift in Sources */,
				84F0B6B2268D538C0011AFD0 /* StatsView.swift in Sources */,
				84C6DE6B268E59E100E21439 /* AbilitiesPresenter.swift in Sources */,
				8470E95C2684E20700C039E6 /* MainViewController.swift in Sources */,
				846B6B7A268A2D9000C9D1E5 /* Extension+UIImage.swift in Sources */,
				8470E9822685296900C039E6 /* Extension+UIImageView.swift in Sources */,
				84F40085268CE44600F34128 /* Extension+UIViewController.swift in Sources */,
				8470E97E2685246000C039E6 /* News.swift in Sources */,
				8400208C26863E94009BA66B /* NewsDetailsViewController.swift in Sources */,
				84C6DE5B268E282500E21439 /* PokemonItem.swift in Sources */,
				8400207F26862D78009BA66B /* MainPresenter.swift in Sources */,
				8470E9722684EA5C00C039E6 /* NetworkRequests.swift in Sources */,
				84F0B6A3268D3C580011AFD0 /* AbilitiesView.swift in Sources */,
				8465934F2691665800AD8C3F /* Extension+UIImage-GIF.swift in Sources */,
				8470E96D2684E6CF00C039E6 /* Extension+UIColor.swift in Sources */,
				84C6DE60268E361B00E21439 /* PokemonItemPresenter.swift in Sources */,
				849A913C26895C8B004C1BE4 /* PokemonService.swift in Sources */,
				84F40087268CECE600F34128 /* PokemonDetailsPresenter.swift in Sources */,
				84B009972692B51700AE57FE /* AlertBanner.swift in Sources */,
				84F0B69E268D2A380011AFD0 /* SpeciesView.swift in Sources */,
				84F0B6B0268D53400011AFD0 /* StatItemView.swift in Sources */,
				84F0B6A8268D3D540011AFD0 /* AbilitieItem.swift in Sources */,
				84C6DE5D268E2A4600E21439 /* EvolutionChain.swift in Sources */,
				840020922686406A009BA66B /* AppStoryboard.swift in Sources */,
				8470E9762684FA1700C039E6 /* Constants.swift in Sources */,
				849A913E2689607E004C1BE4 /* PokedexPresenter.swift in Sources */,
				840020872686389E009BA66B /* ErrorView.swift in Sources */,
				849A913A26895AE8004C1BE4 /* PokemonModel.swift in Sources */,
				8400208226862E3B009BA66B /* NewsService.swift in Sources */,
				8429915226911737000A93BC /* PokemonItemHorizontal.swift in Sources */,
				8470E98426852F4800C039E6 /* Extension+Date.swift in Sources */,
				8400208926863BCB009BA66B /* Extension+UIStackView.swift in Sources */,
				84C6DE6D268E7A0E00E21439 /* Extension+String.swift in Sources */,
				845A89C6268921090014E3B4 /* PokedexViewController.swift in Sources */,
				84F4007E268CE07300F34128 /* PaddingLabel.swift in Sources */,
				8429915426911961000A93BC /* PokemonItemHorizontalPresenter.swift in Sources */,
				8470E9412684E11F00C039E6 /* AppDelegate.swift in Sources */,
				8470E9432684E11F00C039E6 /* SceneDelegate.swift in Sources */,
			);
			runOnlyForDeploymentPostprocessing = 0;
		};
/* End PBXSourcesBuildPhase section */

/* Begin PBXVariantGroup section */
		8470E94B2684E12000C039E6 /* LaunchScreen.storyboard */ = {
			isa = PBXVariantGroup;
			children = (
				8470E94C2684E12000C039E6 /* Base */,
			);
			name = LaunchScreen.storyboard;
			sourceTree = "<group>";
		};
/* End PBXVariantGroup section */

/* Begin XCBuildConfiguration section */
		8470E94F2684E12000C039E6 /* Debug */ = {
			isa = XCBuildConfiguration;
			buildSettings = {
				ALWAYS_SEARCH_USER_PATHS = NO;
				CLANG_ANALYZER_NONNULL = YES;
				CLANG_ANALYZER_NUMBER_OBJECT_CONVERSION = YES_AGGRESSIVE;
				CLANG_CXX_LANGUAGE_STANDARD = "gnu++14";
				CLANG_CXX_LIBRARY = "libc++";
				CLANG_ENABLE_MODULES = YES;
				CLANG_ENABLE_OBJC_ARC = YES;
				CLANG_ENABLE_OBJC_WEAK = YES;
				CLANG_WARN_BLOCK_CAPTURE_AUTORELEASING = YES;
				CLANG_WARN_BOOL_CONVERSION = YES;
				CLANG_WARN_COMMA = YES;
				CLANG_WARN_CONSTANT_CONVERSION = YES;
				CLANG_WARN_DEPRECATED_OBJC_IMPLEMENTATIONS = YES;
				CLANG_WARN_DIRECT_OBJC_ISA_USAGE = YES_ERROR;
				CLANG_WARN_DOCUMENTATION_COMMENTS = YES;
				CLANG_WARN_EMPTY_BODY = YES;
				CLANG_WARN_ENUM_CONVERSION = YES;
				CLANG_WARN_INFINITE_RECURSION = YES;
				CLANG_WARN_INT_CONVERSION = YES;
				CLANG_WARN_NON_LITERAL_NULL_CONVERSION = YES;
				CLANG_WARN_OBJC_IMPLICIT_RETAIN_SELF = YES;
				CLANG_WARN_OBJC_LITERAL_CONVERSION = YES;
				CLANG_WARN_OBJC_ROOT_CLASS = YES_ERROR;
				CLANG_WARN_QUOTED_INCLUDE_IN_FRAMEWORK_HEADER = YES;
				CLANG_WARN_RANGE_LOOP_ANALYSIS = YES;
				CLANG_WARN_STRICT_PROTOTYPES = YES;
				CLANG_WARN_SUSPICIOUS_MOVE = YES;
				CLANG_WARN_UNGUARDED_AVAILABILITY = YES_AGGRESSIVE;
				CLANG_WARN_UNREACHABLE_CODE = YES;
				CLANG_WARN__DUPLICATE_METHOD_MATCH = YES;
				COPY_PHASE_STRIP = NO;
				DEBUG_INFORMATION_FORMAT = dwarf;
				ENABLE_STRICT_OBJC_MSGSEND = YES;
				ENABLE_TESTABILITY = YES;
				GCC_C_LANGUAGE_STANDARD = gnu11;
				GCC_DYNAMIC_NO_PIC = NO;
				GCC_NO_COMMON_BLOCKS = YES;
				GCC_OPTIMIZATION_LEVEL = 0;
				GCC_PREPROCESSOR_DEFINITIONS = (
					"DEBUG=1",
					"$(inherited)",
				);
				GCC_WARN_64_TO_32_BIT_CONVERSION = YES;
				GCC_WARN_ABOUT_RETURN_TYPE = YES_ERROR;
				GCC_WARN_UNDECLARED_SELECTOR = YES;
				GCC_WARN_UNINITIALIZED_AUTOS = YES_AGGRESSIVE;
				GCC_WARN_UNUSED_FUNCTION = YES;
				GCC_WARN_UNUSED_VARIABLE = YES;
				IPHONEOS_DEPLOYMENT_TARGET = 14.5;
				MTL_ENABLE_DEBUG_INFO = INCLUDE_SOURCE;
				MTL_FAST_MATH = YES;
				ONLY_ACTIVE_ARCH = YES;
				SDKROOT = iphoneos;
				SWIFT_ACTIVE_COMPILATION_CONDITIONS = DEBUG;
				SWIFT_OPTIMIZATION_LEVEL = "-Onone";
			};
			name = Debug;
		};
		8470E9502684E12000C039E6 /* Release */ = {
			isa = XCBuildConfiguration;
			buildSettings = {
				ALWAYS_SEARCH_USER_PATHS = NO;
				CLANG_ANALYZER_NONNULL = YES;
				CLANG_ANALYZER_NUMBER_OBJECT_CONVERSION = YES_AGGRESSIVE;
				CLANG_CXX_LANGUAGE_STANDARD = "gnu++14";
				CLANG_CXX_LIBRARY = "libc++";
				CLANG_ENABLE_MODULES = YES;
				CLANG_ENABLE_OBJC_ARC = YES;
				CLANG_ENABLE_OBJC_WEAK = YES;
				CLANG_WARN_BLOCK_CAPTURE_AUTORELEASING = YES;
				CLANG_WARN_BOOL_CONVERSION = YES;
				CLANG_WARN_COMMA = YES;
				CLANG_WARN_CONSTANT_CONVERSION = YES;
				CLANG_WARN_DEPRECATED_OBJC_IMPLEMENTATIONS = YES;
				CLANG_WARN_DIRECT_OBJC_ISA_USAGE = YES_ERROR;
				CLANG_WARN_DOCUMENTATION_COMMENTS = YES;
				CLANG_WARN_EMPTY_BODY = YES;
				CLANG_WARN_ENUM_CONVERSION = YES;
				CLANG_WARN_INFINITE_RECURSION = YES;
				CLANG_WARN_INT_CONVERSION = YES;
				CLANG_WARN_NON_LITERAL_NULL_CONVERSION = YES;
				CLANG_WARN_OBJC_IMPLICIT_RETAIN_SELF = YES;
				CLANG_WARN_OBJC_LITERAL_CONVERSION = YES;
				CLANG_WARN_OBJC_ROOT_CLASS = YES_ERROR;
				CLANG_WARN_QUOTED_INCLUDE_IN_FRAMEWORK_HEADER = YES;
				CLANG_WARN_RANGE_LOOP_ANALYSIS = YES;
				CLANG_WARN_STRICT_PROTOTYPES = YES;
				CLANG_WARN_SUSPICIOUS_MOVE = YES;
				CLANG_WARN_UNGUARDED_AVAILABILITY = YES_AGGRESSIVE;
				CLANG_WARN_UNREACHABLE_CODE = YES;
				CLANG_WARN__DUPLICATE_METHOD_MATCH = YES;
				COPY_PHASE_STRIP = NO;
				DEBUG_INFORMATION_FORMAT = "dwarf-with-dsym";
				ENABLE_NS_ASSERTIONS = NO;
				ENABLE_STRICT_OBJC_MSGSEND = YES;
				GCC_C_LANGUAGE_STANDARD = gnu11;
				GCC_NO_COMMON_BLOCKS = YES;
				GCC_WARN_64_TO_32_BIT_CONVERSION = YES;
				GCC_WARN_ABOUT_RETURN_TYPE = YES_ERROR;
				GCC_WARN_UNDECLARED_SELECTOR = YES;
				GCC_WARN_UNINITIALIZED_AUTOS = YES_AGGRESSIVE;
				GCC_WARN_UNUSED_FUNCTION = YES;
				GCC_WARN_UNUSED_VARIABLE = YES;
				IPHONEOS_DEPLOYMENT_TARGET = 14.5;
				MTL_ENABLE_DEBUG_INFO = NO;
				MTL_FAST_MATH = YES;
				SDKROOT = iphoneos;
				SWIFT_COMPILATION_MODE = wholemodule;
				SWIFT_OPTIMIZATION_LEVEL = "-O";
				VALIDATE_PRODUCT = YES;
			};
			name = Release;
		};
		8470E9522684E12000C039E6 /* Debug */ = {
			isa = XCBuildConfiguration;
			baseConfigurationReference = 03F690D499B2DC47D0C94FD0 /* Pods-pokemon-db.debug.xcconfig */;
			buildSettings = {
				ASSETCATALOG_COMPILER_APPICON_NAME = AppIcon;
				ASSETCATALOG_COMPILER_GLOBAL_ACCENT_COLOR_NAME = AccentColor;
				CODE_SIGN_STYLE = Automatic;
				DEVELOPMENT_TEAM = 82QF5SS5P2;
				INFOPLIST_FILE = "pokemon-db/Info.plist";
				LD_RUNPATH_SEARCH_PATHS = (
					"$(inherited)",
					"@executable_path/Frameworks",
				);
				PRODUCT_BUNDLE_IDENTIFIER = "com.test.pokemon-db";
				PRODUCT_NAME = "$(TARGET_NAME)";
				SWIFT_VERSION = 5.0;
				TARGETED_DEVICE_FAMILY = "1,2";
			};
			name = Debug;
		};
		8470E9532684E12000C039E6 /* Release */ = {
			isa = XCBuildConfiguration;
			baseConfigurationReference = EFF0E5D038037B5C48759A62 /* Pods-pokemon-db.release.xcconfig */;
			buildSettings = {
				ASSETCATALOG_COMPILER_APPICON_NAME = AppIcon;
				ASSETCATALOG_COMPILER_GLOBAL_ACCENT_COLOR_NAME = AccentColor;
				CODE_SIGN_STYLE = Automatic;
				DEVELOPMENT_TEAM = 82QF5SS5P2;
				INFOPLIST_FILE = "pokemon-db/Info.plist";
				LD_RUNPATH_SEARCH_PATHS = (
					"$(inherited)",
					"@executable_path/Frameworks",
				);
				PRODUCT_BUNDLE_IDENTIFIER = "com.test.pokemon-db";
				PRODUCT_NAME = "$(TARGET_NAME)";
				SWIFT_VERSION = 5.0;
				TARGETED_DEVICE_FAMILY = "1,2";
			};
			name = Release;
		};
/* End XCBuildConfiguration section */

/* Begin XCConfigurationList section */
		8470E9382684E11F00C039E6 /* Build configuration list for PBXProject "pokemon-db" */ = {
			isa = XCConfigurationList;
			buildConfigurations = (
				8470E94F2684E12000C039E6 /* Debug */,
				8470E9502684E12000C039E6 /* Release */,
			);
			defaultConfigurationIsVisible = 0;
			defaultConfigurationName = Release;
		};
		8470E9512684E12000C039E6 /* Build configuration list for PBXNativeTarget "pokemon-db" */ = {
			isa = XCConfigurationList;
			buildConfigurations = (
				8470E9522684E12000C039E6 /* Debug */,
				8470E9532684E12000C039E6 /* Release */,
			);
			defaultConfigurationIsVisible = 0;
			defaultConfigurationName = Release;
		};
/* End XCConfigurationList section */
	};
	rootObject = 8470E9352684E11F00C039E6 /* Project object */;
}
